// !$*UTF8*$!
{
	archiveVersion = 1;
	classes = {
	};
	objectVersion = 56;
	objects = {

/* Begin PBXBuildFile section */
		050E414D826293F26B4D02FF /* SpeechRecognitionManager.swift in Sources */ = {isa = PBXBuildFile; fileRef = 51024E149C762048FDF3A9C8 /* SpeechRecognitionManager.swift */; };
		0A5C4F20BDB7C41AA14C2EF8 /* GuestUser.swift in Sources */ = {isa = PBXBuildFile; fileRef = 56FB4590911E2267554D9E5C /* GuestUser.swift */; };
		18DD40EB8DF43C7D4C9AA1E3 /* IOSSpeechRecognizer.swift in Sources */ = {isa = PBXBuildFile; fileRef = F6464B8085D12B5755C5B351 /* IOSSpeechRecognizer.swift */; };
		19E04CA8B83994B5BE57FC70 /* BrainEmojiOverlay.swift in Sources */ = {isa = PBXBuildFile; fileRef = 313249BA847C780E418C2EC1 /* BrainEmojiOverlay.swift */; };
		1C364BA0B63B08CC900FA2B9 /* GuestUser.swift in Sources */ = {isa = PBXBuildFile; fileRef = 958B4A4AB7BB5F90CC8514F3 /* GuestUser.swift */; };
		2CD0402AAFA333102B935A1C /* SpeechRecognitionProtocol.swift in Sources */ = {isa = PBXBuildFile; fileRef = 8C5D47089EC57DC741ED043C /* SpeechRecognitionProtocol.swift */; };
		2F324664879B11AA7EC82261 /* SubscriptionPlan.swift in Sources */ = {isa = PBXBuildFile; fileRef = F8FA44DEAFE392FB45634235 /* SubscriptionPlan.swift */; };
		38CF495F9B1105AC9F96DFE1 /* ProfessionalAudioTerms.swift in Sources */ = {isa = PBXBuildFile; fileRef = 83C74854BD78735A3821739A /* ProfessionalAudioTerms.swift */; };
		396B4685AFCC146458028D75 /* ChannelProcessor.swift in Sources */ = {isa = PBXBuildFile; fileRef = BC2D440D904E184F2F5663BA /* ChannelProcessor.swift */; };
		3A49469099BEF8198120B41E /* EffectsProcessor.swift in Sources */ = {isa = PBXBuildFile; fileRef = ED834334A3947A0B06C22BD9 /* EffectsProcessor.swift */; };
		3C064F0BA0AC303930C28BD1 /* SimilarityEngine.swift in Sources */ = {isa = PBXBuildFile; fileRef = B7794449BBF32D619FF4EC9D /* SimilarityEngine.swift */; };
		3D40445688B57A4F9F59642B /* VoiceCommandBubblesView.swift in Sources */ = {isa = PBXBuildFile; fileRef = B215402FBA1407C51B5EF419 /* VoiceCommandBubblesView.swift */; };
		3F1A4D9293C235553FBA4CF2 /* CompoundCommandProcessor.swift in Sources */ = {isa = PBXBuildFile; fileRef = 3B94434A99D74EA323D85C43 /* CompoundCommandProcessor.swift */; };
		4DC7405AA1962DFAE0A7E049 /* RCPCommand.swift in Sources */ = {isa = PBXBuildFile; fileRef = D19E48EAAEC7587618577790 /* RCPCommand.swift */; };
		54FF412C9F74FF55D7E44003 /* NetworkSettings.swift in Sources */ = {isa = PBXBuildFile; fileRef = 71664F87AD5ED9E8B83C2DEE /* NetworkSettings.swift */; };
		56E04DFF96821BE9D8BE3C42 /* PersonalDictionaryStore.swift in Sources */ = {isa = PBXBuildFile; fileRef = B32D47CC9FA36FC5A739169C /* PersonalDictionaryStore.swift */; };
		59FA43089D27B69FCA550042 /* RecordButton.swift in Sources */ = {isa = PBXBuildFile; fileRef = AB2D4D03930E768A8D2E1E19 /* RecordButton.swift */; };
		5ADE41B7B14863719480119C /* StoreKitService.swift in Sources */ = {isa = PBXBuildFile; fileRef = AC534A5EACB74F78852F720E /* StoreKitService.swift */; };
		5B0E4631A8C58F5B1718DF74 /* NetworkSettingsView.swift in Sources */ = {isa = PBXBuildFile; fileRef = 3D214F85B6E87C0845E382B0 /* NetworkSettingsView.swift */; };
		5C3D4B6C95781A1ED9332BC6 /* LearningPromptManager.swift in Sources */ = {isa = PBXBuildFile; fileRef = 92B642849E1F7648C0A4DE38 /* LearningPromptManager.swift */; };
		728E4E5D92D68D6B9342084E /* SubscriptionPlan.swift in Sources */ = {isa = PBXBuildFile; fileRef = FBA04FEC9EBC65DB9100842C /* SubscriptionPlan.swift */; };
		74964C8F8BD323D899DDF07B /* OrbitalToggleButton.swift in Sources */ = {isa = PBXBuildFile; fileRef = F37B4C8381DE3E9F6C66122F /* OrbitalToggleButton.swift */; };
		78274F678DA78C4ED20469D3 /* SubscriptionState.swift in Sources */ = {isa = PBXBuildFile; fileRef = 5BEB4C8C8E8B9AE0F121D1CF /* SubscriptionState.swift */; };
		85BB44D691A93DE0ABF66FD2 /* StoreKitService.swift in Sources */ = {isa = PBXBuildFile; fileRef = 025947C480861214F939679D /* StoreKitService.swift */; };
		8EB04E8FA3285D85746B1C9B /* PlanCardView.swift in Sources */ = {isa = PBXBuildFile; fileRef = 57504B8E95CF6C8177D11928 /* PlanCardView.swift */; };
		8EE04F82A11A191E61B4BFF4 /* SubscriptionError.swift in Sources */ = {isa = PBXBuildFile; fileRef = 163F442C9C906B4C191D6617 /* SubscriptionError.swift */; };
		910830622E25706A006CF788 /* HotSwiftUI in Frameworks */ = {isa = PBXBuildFile; productRef = 910830612E25706A006CF788 /* HotSwiftUI */; };
		910B59FA2E24184C004A10CA /* FirebaseAuth in Frameworks */ = {isa = PBXBuildFile; productRef = 910B59F92E24184C004A10CA /* FirebaseAuth */; };
		910B59FC2E24184C004A10CA /* FirebaseDatabase in Frameworks */ = {isa = PBXBuildFile; productRef = 910B59FB2E24184C004A10CA /* FirebaseDatabase */; };
		910B59FE2E24184C004A10CA /* FirebaseFirestore in Frameworks */ = {isa = PBXBuildFile; productRef = 910B59FD2E24184C004A10CA /* FirebaseFirestore */; };
		910B5A002E24184C004A10CA /* FirebaseFunctions in Frameworks */ = {isa = PBXBuildFile; productRef = 910B59FF2E24184C004A10CA /* FirebaseFunctions */; };
		913317DD2E282BF800E71CAE /* GoogleSignIn in Frameworks */ = {isa = PBXBuildFile; productRef = 913317DC2E282BF800E71CAE /* GoogleSignIn */; };
		913317DF2E282BF800E71CAE /* GoogleSignInSwift in Frameworks */ = {isa = PBXBuildFile; productRef = 913317DE2E282BF800E71CAE /* GoogleSignInSwift */; };
		91CEFACB2E28E8A0006480E7 /* Starscream in Frameworks */ = {isa = PBXBuildFile; productRef = 91CEFACA2E28E8A0006480E7 /* Starscream */; };
		9C0840F7BC4B809B33A8471F /* ProcessedVoiceCommand.swift in Sources */ = {isa = PBXBuildFile; fileRef = 31E54A539C49B7E76DA55341 /* ProcessedVoiceCommand.swift */; };
		A01234567890ABCDEF123001 /* VoiceControlAppApp.swift in Sources */ = {isa = PBXBuildFile; fileRef = A01234567890ABCDEF123000 /* VoiceControlAppApp.swift */; };
		A01234567890ABCDEF123003 /* ContentView.swift in Sources */ = {isa = PBXBuildFile; fileRef = A01234567890ABCDEF123002 /* ContentView.swift */; };
		A01234567890ABCDEF123005 /* Assets.xcassets in Resources */ = {isa = PBXBuildFile; fileRef = A01234567890ABCDEF123004 /* Assets.xcassets */; };
		A01234567890ABCDEF123008 /* Preview Assets.xcassets in Resources */ = {isa = PBXBuildFile; fileRef = A01234567890ABCDEF123007 /* Preview Assets.xcassets */; };
		A01234567890ABCDEF123010 /* GoogleService-Info.plist in Resources */ = {isa = PBXBuildFile; fileRef = A01234567890ABCDEF12300F /* GoogleService-Info.plist */; };
		A01234567890ABCDEF123011 /* VoiceControlMainView.swift in Sources */ = {isa = PBXBuildFile; fileRef = A01234567890ABCDEF123012 /* VoiceControlMainView.swift */; };
		A01234567890ABCDEF123013 /* VoiceControlApp/SpeechRecognition/AudioManager.swift in Sources */ = {isa = PBXBuildFile; fileRef = A01234567890ABCDEF123014 /* VoiceControlApp/SpeechRecognition/AudioManager.swift */; };
		A01234567890ABCDEF123015 /* VoiceControlApp/SpeechRecognition/AssemblyAIStreamer.swift in Sources */ = {isa = PBXBuildFile; fileRef = A01234567890ABCDEF123016 /* VoiceControlApp/SpeechRecognition/AssemblyAIStreamer.swift */; };
		A01234567890ABCDEF123017 /* VoiceControlApp/SpeechRecognition/Models/StreamingConfig.swift in Sources */ = {isa = PBXBuildFile; fileRef = A01234567890ABCDEF123018 /* VoiceControlApp/SpeechRecognition/Models/StreamingConfig.swift */; };
		A01234567890ABCDEF123019 /* VoiceControlApp/SpeechRecognition/Models/TranscriptionModels.swift in Sources */ = {isa = PBXBuildFile; fileRef = A01234567890ABCDEF123020 /* VoiceControlApp/SpeechRecognition/Models/TranscriptionModels.swift */; };
		A01234567890ABCDEF123021 /* VoiceControlApp/Authentication/Views/AuthenticationView.swift in Sources */ = {isa = PBXBuildFile; fileRef = A01234567890ABCDEF123022 /* VoiceControlApp/Authentication/Views/AuthenticationView.swift */; };
		A01234567890ABCDEF123023 /* VoiceControlApp/Authentication/Views/SignInView.swift in Sources */ = {isa = PBXBuildFile; fileRef = A01234567890ABCDEF123024 /* VoiceControlApp/Authentication/Views/SignInView.swift */; };
		A01234567890ABCDEF123025 /* VoiceControlApp/Authentication/Components/GoogleSignInButton.swift in Sources */ = {isa = PBXBuildFile; fileRef = A01234567890ABCDEF123026 /* VoiceControlApp/Authentication/Components/GoogleSignInButton.swift */; };
		A01234567890ABCDEF123027 /* VoiceControlApp/Authentication/ViewModels/AuthenticationManager.swift in Sources */ = {isa = PBXBuildFile; fileRef = A01234567890ABCDEF123028 /* VoiceControlApp/Authentication/ViewModels/AuthenticationManager.swift */; };
		A01234567890ABCDEF123029 /* VoiceControlApp/Authentication/Models/AuthenticationState.swift in Sources */ = {isa = PBXBuildFile; fileRef = A01234567890ABCDEF123030 /* VoiceControlApp/Authentication/Models/AuthenticationState.swift */; };
		A01234567890ABCDEF123031 /* VoiceControlApp/Authentication/Models/User.swift in Sources */ = {isa = PBXBuildFile; fileRef = A01234567890ABCDEF123032 /* VoiceControlApp/Authentication/Models/User.swift */; };
		A01234567890ABCDEF123033 /* VoiceControlApp/Authentication/Models/AuthenticationError.swift in Sources */ = {isa = PBXBuildFile; fileRef = A01234567890ABCDEF123034 /* VoiceControlApp/Authentication/Models/AuthenticationError.swift */; };
		A01234567890ABCDEF123035 /* VoiceControlApp/Authentication/Services/FirebaseAuthService.swift in Sources */ = {isa = PBXBuildFile; fileRef = A01234567890ABCDEF123036 /* VoiceControlApp/Authentication/Services/FirebaseAuthService.swift */; };
		A01234567890ABCDEF123037 /* VoiceControlApp/Authentication/Services/KeychainService.swift in Sources */ = {isa = PBXBuildFile; fileRef = A01234567890ABCDEF123038 /* VoiceControlApp/Authentication/Services/KeychainService.swift */; };
		A01234567890ABCDEF123039 /* VoiceControlApp/Authentication/Services/GoogleSignInService.swift in Sources */ = {isa = PBXBuildFile; fileRef = A01234567890ABCDEF123040 /* VoiceControlApp/Authentication/Services/GoogleSignInService.swift */; };
		A01234567890ABCDEF123041 /* VoiceControlApp/Authentication/Services/BiometricService.swift in Sources */ = {isa = PBXBuildFile; fileRef = A01234567890ABCDEF123042 /* VoiceControlApp/Authentication/Services/BiometricService.swift */; };
		A01234567890ABCDEF123043 /* VoiceControlApp/Authentication/Views/PasswordResetView.swift in Sources */ = {isa = PBXBuildFile; fileRef = A01234567890ABCDEF123044 /* VoiceControlApp/Authentication/Views/PasswordResetView.swift */; };
		A01234567890ABCDEF123045 /* VoiceControlApp/Authentication/Models/SocialAuthError.swift in Sources */ = {isa = PBXBuildFile; fileRef = A01234567890ABCDEF123046 /* VoiceControlApp/Authentication/Models/SocialAuthError.swift */; };
		A01234567890ABCDEF123047 /* VoiceControlApp/Authentication/Models/SocialAuthResult.swift in Sources */ = {isa = PBXBuildFile; fileRef = A01234567890ABCDEF123048 /* VoiceControlApp/Authentication/Models/SocialAuthResult.swift */; };
		A01234567890ABCDEF123049 /* VoiceControlApp/Authentication/Views/SignUpView.swift in Sources */ = {isa = PBXBuildFile; fileRef = A01234567890ABCDEF123050 /* VoiceControlApp/Authentication/Views/SignUpView.swift */; };
		A1874E73B8A72E36534D8477 /* RoutingProcessor.swift in Sources */ = {isa = PBXBuildFile; fileRef = D0384B58BD2846AD6F94966C /* RoutingProcessor.swift */; };
		A78E4608A282636A8D710C3A /* SubscriptionState.swift in Sources */ = {isa = PBXBuildFile; fileRef = 4ACF42B58CBB339C572883B7 /* SubscriptionState.swift */; };
		B69C49AF88BB77A646527931 /* SubscriptionView.swift in Sources */ = {isa = PBXBuildFile; fileRef = 81D84BCE947E115CC46D9995 /* SubscriptionView.swift */; };
		B89941C4BADFB7CA9555EB8D /* SubscriptionError.swift in Sources */ = {isa = PBXBuildFile; fileRef = 91B14F6F85B8B1ACB888E2EC /* SubscriptionError.swift */; };
		BB3B4A10ABEBA5F10F673938 /* WelcomeView.swift in Sources */ = {isa = PBXBuildFile; fileRef = B8A041F48ECE945A41810CF9 /* WelcomeView.swift */; };
		C9A642A0B47F008E30E6D896 /* RCPNetworkClient.swift in Sources */ = {isa = PBXBuildFile; fileRef = E4654B50B50F42A7D3F33912 /* RCPNetworkClient.swift */; };
		D42344C58CF2B3743E716CF8 /* VoiceCommandBubble.swift in Sources */ = {isa = PBXBuildFile; fileRef = F5574718932A157455800E7D /* VoiceCommandBubble.swift */; };
		D5574A2AAAEFF5BB8E259B1B /* VoiceCommandProcessor.swift in Sources */ = {isa = PBXBuildFile; fileRef = 9D1C4D808D6247A823624451 /* VoiceCommandProcessor.swift */; };
		D8ED414BA4AA6DCE04C6F240 /* VoiceCommandTester.swift in Sources */ = {isa = PBXBuildFile; fileRef = DFFD465B8AD34F618306307A /* VoiceCommandTester.swift */; };
		EA9043CDB3CC5C2DE17FD886 /* ContextManager.swift in Sources */ = {isa = PBXBuildFile; fileRef = C0344C61BBF738337EFE9ACC /* ContextManager.swift */; };
		F568485CBFD0A99F9379F7AE /* SubscriptionManager.swift in Sources */ = {isa = PBXBuildFile; fileRef = 8E724CF7A78BDB9F48497B0D /* SubscriptionManager.swift */; };
		FB584170851C0D301165E8BE /* ValidationLimits.swift in Sources */ = {isa = PBXBuildFile; fileRef = F9B548E7ADA0FC81A7272629 /* ValidationLimits.swift */; };
		FDE34D7C8ACE7FFA9F3A4DC6 /* WelcomeView.swift in Sources */ = {isa = PBXBuildFile; fileRef = 79CB452A8F781D1BF198318E /* WelcomeView.swift */; };
		FF144B13A6D9DA224AFCF0BF /* SubscriptionManager.swift in Sources */ = {isa = PBXBuildFile; fileRef = 92874E13A694BA5D9DF57124 /* SubscriptionManager.swift */; };
/* End PBXBuildFile section */

/* Begin PBXFileReference section */
		025947C480861214F939679D /* StoreKitService.swift */ = {isa = PBXFileReference; lastKnownFileType = sourcecode.swift; name = StoreKitService.swift; path = VoiceControlApp/Subscriptions/Services/StoreKitService.swift; sourceTree = SOURCE_ROOT; };
		163F442C9C906B4C191D6617 /* SubscriptionError.swift */ = {isa = PBXFileReference; lastKnownFileType = sourcecode.swift; name = SubscriptionError.swift; path = VoiceControlApp/Subscriptions/Models/SubscriptionError.swift; sourceTree = SOURCE_ROOT; };
		313249BA847C780E418C2EC1 /* BrainEmojiOverlay.swift */ = {isa = PBXFileReference; lastKnownFileType = sourcecode.swift; name = BrainEmojiOverlay.swift; path = VoiceControlApp/VoiceCommand/Components/BrainEmojiOverlay.swift; sourceTree = SOURCE_ROOT; };
		31E54A539C49B7E76DA55341 /* ProcessedVoiceCommand.swift */ = {isa = PBXFileReference; lastKnownFileType = sourcecode.swift; name = ProcessedVoiceCommand.swift; path = VoiceControlApp/VoiceCommand/Models/ProcessedVoiceCommand.swift; sourceTree = SOURCE_ROOT; };
		3B94434A99D74EA323D85C43 /* CompoundCommandProcessor.swift */ = {isa = PBXFileReference; lastKnownFileType = sourcecode.swift; name = CompoundCommandProcessor.swift; path = VoiceControlApp/VoiceCommand/Services/CompoundCommandProcessor.swift; sourceTree = SOURCE_ROOT; };
		3D214F85B6E87C0845E382B0 /* NetworkSettingsView.swift */ = {isa = PBXFileReference; lastKnownFileType = sourcecode.swift; name = NetworkSettingsView.swift; path = VoiceControlApp/NetworkSettingsView.swift; sourceTree = SOURCE_ROOT; };
		4ACF42B58CBB339C572883B7 /* SubscriptionState.swift */ = {isa = PBXFileReference; lastKnownFileType = sourcecode.swift; name = SubscriptionState.swift; path = VoiceControlApp/Subscriptions/Models/SubscriptionState.swift; sourceTree = SOURCE_ROOT; };
		51024E149C762048FDF3A9C8 /* SpeechRecognitionManager.swift */ = {isa = PBXFileReference; lastKnownFileType = sourcecode.swift; name = SpeechRecognitionManager.swift; path = VoiceControlApp/SpeechRecognition/SpeechRecognitionManager.swift; sourceTree = SOURCE_ROOT; };
		56FB4590911E2267554D9E5C /* GuestUser.swift */ = {isa = PBXFileReference; lastKnownFileType = sourcecode.swift; name = GuestUser.swift; path = VoiceControlApp/Authentication/Models/GuestUser.swift; sourceTree = SOURCE_ROOT; };
		57504B8E95CF6C8177D11928 /* PlanCardView.swift */ = {isa = PBXFileReference; lastKnownFileType = sourcecode.swift; name = PlanCardView.swift; path = VoiceControlApp/Subscriptions/Views/PlanCardView.swift; sourceTree = SOURCE_ROOT; };
		5BEB4C8C8E8B9AE0F121D1CF /* SubscriptionState.swift */ = {isa = PBXFileReference; lastKnownFileType = sourcecode.swift; name = SubscriptionState.swift; path = VoiceControlApp/Subscriptions/Models/SubscriptionState.swift; sourceTree = SOURCE_ROOT; };
		71664F87AD5ED9E8B83C2DEE /* NetworkSettings.swift */ = {isa = PBXFileReference; lastKnownFileType = sourcecode.swift; name = NetworkSettings.swift; path = VoiceControlApp/NetworkSettings.swift; sourceTree = SOURCE_ROOT; };
		79CB452A8F781D1BF198318E /* WelcomeView.swift */ = {isa = PBXFileReference; lastKnownFileType = sourcecode.swift; name = WelcomeView.swift; path = VoiceControlApp/Authentication/Views/WelcomeView.swift; sourceTree = SOURCE_ROOT; };
		81D84BCE947E115CC46D9995 /* SubscriptionView.swift */ = {isa = PBXFileReference; lastKnownFileType = sourcecode.swift; name = SubscriptionView.swift; path = VoiceControlApp/Subscriptions/Views/SubscriptionView.swift; sourceTree = SOURCE_ROOT; };
		83C74854BD78735A3821739A /* ProfessionalAudioTerms.swift */ = {isa = PBXFileReference; lastKnownFileType = sourcecode.swift; name = ProfessionalAudioTerms.swift; path = VoiceControlApp/VoiceCommand/Services/ProfessionalAudioTerms.swift; sourceTree = SOURCE_ROOT; };
		8C5D47089EC57DC741ED043C /* SpeechRecognitionProtocol.swift */ = {isa = PBXFileReference; lastKnownFileType = sourcecode.swift; name = SpeechRecognitionProtocol.swift; path = VoiceControlApp/SpeechRecognition/Models/SpeechRecognitionProtocol.swift; sourceTree = SOURCE_ROOT; };
		8E724CF7A78BDB9F48497B0D /* SubscriptionManager.swift */ = {isa = PBXFileReference; lastKnownFileType = sourcecode.swift; name = SubscriptionManager.swift; path = VoiceControlApp/Subscriptions/ViewModels/SubscriptionManager.swift; sourceTree = SOURCE_ROOT; };
		91B14F6F85B8B1ACB888E2EC /* SubscriptionError.swift */ = {isa = PBXFileReference; lastKnownFileType = sourcecode.swift; name = SubscriptionError.swift; path = VoiceControlApp/Subscriptions/Models/SubscriptionError.swift; sourceTree = SOURCE_ROOT; };
		92874E13A694BA5D9DF57124 /* SubscriptionManager.swift */ = {isa = PBXFileReference; lastKnownFileType = sourcecode.swift; name = SubscriptionManager.swift; path = VoiceControlApp/Subscriptions/ViewModels/SubscriptionManager.swift; sourceTree = SOURCE_ROOT; };
		92B642849E1F7648C0A4DE38 /* LearningPromptManager.swift */ = {isa = PBXFileReference; lastKnownFileType = sourcecode.swift; name = LearningPromptManager.swift; path = VoiceControlApp/VoiceCommand/Learning/LearningPromptManager.swift; sourceTree = SOURCE_ROOT; };
		958B4A4AB7BB5F90CC8514F3 /* GuestUser.swift */ = {isa = PBXFileReference; lastKnownFileType = sourcecode.swift; name = GuestUser.swift; path = VoiceControlApp/Authentication/Models/GuestUser.swift; sourceTree = SOURCE_ROOT; };
		9D1C4D808D6247A823624451 /* VoiceCommandProcessor.swift */ = {isa = PBXFileReference; lastKnownFileType = sourcecode.swift; name = VoiceCommandProcessor.swift; path = VoiceControlApp/VoiceCommand/Services/VoiceCommandProcessor.swift; sourceTree = SOURCE_ROOT; };
		A01234567890ABCDEF123000 /* VoiceControlAppApp.swift */ = {isa = PBXFileReference; lastKnownFileType = sourcecode.swift; path = VoiceControlAppApp.swift; sourceTree = "<group>"; };
		A01234567890ABCDEF123002 /* ContentView.swift */ = {isa = PBXFileReference; lastKnownFileType = sourcecode.swift; path = ContentView.swift; sourceTree = "<group>"; };
		A01234567890ABCDEF123004 /* Assets.xcassets */ = {isa = PBXFileReference; lastKnownFileType = folder.assetcatalog; path = Assets.xcassets; sourceTree = "<group>"; };
		A01234567890ABCDEF123007 /* Preview Assets.xcassets */ = {isa = PBXFileReference; lastKnownFileType = folder.assetcatalog; path = "Preview Assets.xcassets"; sourceTree = "<group>"; };
		A01234567890ABCDEF12300F /* GoogleService-Info.plist */ = {isa = PBXFileReference; fileEncoding = 4; lastKnownFileType = text.plist.xml; path = "GoogleService-Info.plist"; sourceTree = "<group>"; };
		A01234567890ABCDEF123012 /* VoiceControlMainView.swift */ = {isa = PBXFileReference; lastKnownFileType = sourcecode.swift; path = VoiceControlMainView.swift; sourceTree = "<group>"; };
		A01234567890ABCDEF123014 /* VoiceControlApp/SpeechRecognition/AudioManager.swift */ = {isa = PBXFileReference; lastKnownFileType = sourcecode.swift; path = VoiceControlApp/SpeechRecognition/AudioManager.swift; sourceTree = "<group>"; };
		A01234567890ABCDEF123016 /* VoiceControlApp/SpeechRecognition/AssemblyAIStreamer.swift */ = {isa = PBXFileReference; lastKnownFileType = sourcecode.swift; path = VoiceControlApp/SpeechRecognition/AssemblyAIStreamer.swift; sourceTree = "<group>"; };
		A01234567890ABCDEF123018 /* VoiceControlApp/SpeechRecognition/Models/StreamingConfig.swift */ = {isa = PBXFileReference; lastKnownFileType = sourcecode.swift; path = VoiceControlApp/SpeechRecognition/Models/StreamingConfig.swift; sourceTree = "<group>"; };
		A01234567890ABCDEF123020 /* VoiceControlApp/SpeechRecognition/Models/TranscriptionModels.swift */ = {isa = PBXFileReference; lastKnownFileType = sourcecode.swift; path = VoiceControlApp/SpeechRecognition/Models/TranscriptionModels.swift; sourceTree = "<group>"; };
		A01234567890ABCDEF123022 /* VoiceControlApp/Authentication/Views/AuthenticationView.swift */ = {isa = PBXFileReference; lastKnownFileType = sourcecode.swift; path = VoiceControlApp/Authentication/Views/AuthenticationView.swift; sourceTree = "<group>"; };
		A01234567890ABCDEF123024 /* VoiceControlApp/Authentication/Views/SignInView.swift */ = {isa = PBXFileReference; lastKnownFileType = sourcecode.swift; path = VoiceControlApp/Authentication/Views/SignInView.swift; sourceTree = "<group>"; };
		A01234567890ABCDEF123026 /* VoiceControlApp/Authentication/Components/GoogleSignInButton.swift */ = {isa = PBXFileReference; lastKnownFileType = sourcecode.swift; path = VoiceControlApp/Authentication/Components/GoogleSignInButton.swift; sourceTree = "<group>"; };
		A01234567890ABCDEF123028 /* VoiceControlApp/Authentication/ViewModels/AuthenticationManager.swift */ = {isa = PBXFileReference; lastKnownFileType = sourcecode.swift; path = VoiceControlApp/Authentication/ViewModels/AuthenticationManager.swift; sourceTree = "<group>"; };
		A01234567890ABCDEF123030 /* VoiceControlApp/Authentication/Models/AuthenticationState.swift */ = {isa = PBXFileReference; lastKnownFileType = sourcecode.swift; path = VoiceControlApp/Authentication/Models/AuthenticationState.swift; sourceTree = "<group>"; };
		A01234567890ABCDEF123032 /* VoiceControlApp/Authentication/Models/User.swift */ = {isa = PBXFileReference; lastKnownFileType = sourcecode.swift; path = VoiceControlApp/Authentication/Models/User.swift; sourceTree = "<group>"; };
		A01234567890ABCDEF123034 /* VoiceControlApp/Authentication/Models/AuthenticationError.swift */ = {isa = PBXFileReference; lastKnownFileType = sourcecode.swift; path = VoiceControlApp/Authentication/Models/AuthenticationError.swift; sourceTree = "<group>"; };
		A01234567890ABCDEF123036 /* VoiceControlApp/Authentication/Services/FirebaseAuthService.swift */ = {isa = PBXFileReference; lastKnownFileType = sourcecode.swift; path = VoiceControlApp/Authentication/Services/FirebaseAuthService.swift; sourceTree = "<group>"; };
		A01234567890ABCDEF123038 /* VoiceControlApp/Authentication/Services/KeychainService.swift */ = {isa = PBXFileReference; lastKnownFileType = sourcecode.swift; path = VoiceControlApp/Authentication/Services/KeychainService.swift; sourceTree = "<group>"; };
		A01234567890ABCDEF123040 /* VoiceControlApp/Authentication/Services/GoogleSignInService.swift */ = {isa = PBXFileReference; lastKnownFileType = sourcecode.swift; path = VoiceControlApp/Authentication/Services/GoogleSignInService.swift; sourceTree = "<group>"; };
		A01234567890ABCDEF123042 /* VoiceControlApp/Authentication/Services/BiometricService.swift */ = {isa = PBXFileReference; lastKnownFileType = sourcecode.swift; path = VoiceControlApp/Authentication/Services/BiometricService.swift; sourceTree = "<group>"; };
		A01234567890ABCDEF123044 /* VoiceControlApp/Authentication/Views/PasswordResetView.swift */ = {isa = PBXFileReference; lastKnownFileType = sourcecode.swift; path = VoiceControlApp/Authentication/Views/PasswordResetView.swift; sourceTree = "<group>"; };
		A01234567890ABCDEF123046 /* VoiceControlApp/Authentication/Models/SocialAuthError.swift */ = {isa = PBXFileReference; lastKnownFileType = sourcecode.swift; path = VoiceControlApp/Authentication/Models/SocialAuthError.swift; sourceTree = "<group>"; };
		A01234567890ABCDEF123048 /* VoiceControlApp/Authentication/Models/SocialAuthResult.swift */ = {isa = PBXFileReference; lastKnownFileType = sourcecode.swift; path = VoiceControlApp/Authentication/Models/SocialAuthResult.swift; sourceTree = "<group>"; };
		A01234567890ABCDEF123050 /* VoiceControlApp/Authentication/Views/SignUpView.swift */ = {isa = PBXFileReference; lastKnownFileType = sourcecode.swift; path = VoiceControlApp/Authentication/Views/SignUpView.swift; sourceTree = "<group>"; };
		A01234567890ABCDEF12FFFD /* VoiceControlApp.app */ = {isa = PBXFileReference; explicitFileType = wrapper.application; includeInIndex = 0; path = VoiceControlApp.app; sourceTree = BUILT_PRODUCTS_DIR; };
		AB2D4D03930E768A8D2E1E19 /* RecordButton.swift */ = {isa = PBXFileReference; lastKnownFileType = sourcecode.swift; name = RecordButton.swift; path = VoiceControlApp/Shared/Components/RecordButton.swift; sourceTree = SOURCE_ROOT; };
		AC534A5EACB74F78852F720E /* StoreKitService.swift */ = {isa = PBXFileReference; lastKnownFileType = sourcecode.swift; name = StoreKitService.swift; path = VoiceControlApp/Subscriptions/Services/StoreKitService.swift; sourceTree = SOURCE_ROOT; };
		B215402FBA1407C51B5EF419 /* VoiceCommandBubblesView.swift */ = {isa = PBXFileReference; lastKnownFileType = sourcecode.swift; name = VoiceCommandBubblesView.swift; path = VoiceControlApp/VoiceCommand/Components/VoiceCommandBubblesView.swift; sourceTree = SOURCE_ROOT; };
		B32D47CC9FA36FC5A739169C /* PersonalDictionaryStore.swift */ = {isa = PBXFileReference; lastKnownFileType = sourcecode.swift; name = PersonalDictionaryStore.swift; path = VoiceControlApp/VoiceCommand/Learning/PersonalDictionaryStore.swift; sourceTree = SOURCE_ROOT; };
		B7794449BBF32D619FF4EC9D /* SimilarityEngine.swift */ = {isa = PBXFileReference; lastKnownFileType = sourcecode.swift; name = SimilarityEngine.swift; path = VoiceControlApp/VoiceCommand/Learning/SimilarityEngine.swift; sourceTree = SOURCE_ROOT; };
		B8A041F48ECE945A41810CF9 /* WelcomeView.swift */ = {isa = PBXFileReference; lastKnownFileType = sourcecode.swift; name = WelcomeView.swift; path = VoiceControlApp/Authentication/Views/WelcomeView.swift; sourceTree = SOURCE_ROOT; };
		BC2D440D904E184F2F5663BA /* ChannelProcessor.swift */ = {isa = PBXFileReference; lastKnownFileType = sourcecode.swift; name = ChannelProcessor.swift; path = VoiceControlApp/VoiceCommand/Services/ChannelProcessor.swift; sourceTree = SOURCE_ROOT; };
		C0344C61BBF738337EFE9ACC /* ContextManager.swift */ = {isa = PBXFileReference; lastKnownFileType = sourcecode.swift; name = ContextManager.swift; path = VoiceControlApp/VoiceCommand/Services/ContextManager.swift; sourceTree = SOURCE_ROOT; };
		D0384B58BD2846AD6F94966C /* RoutingProcessor.swift */ = {isa = PBXFileReference; lastKnownFileType = sourcecode.swift; name = RoutingProcessor.swift; path = VoiceControlApp/VoiceCommand/Services/RoutingProcessor.swift; sourceTree = SOURCE_ROOT; };
		D19E48EAAEC7587618577790 /* RCPCommand.swift */ = {isa = PBXFileReference; lastKnownFileType = sourcecode.swift; name = RCPCommand.swift; path = VoiceControlApp/VoiceCommand/Models/RCPCommand.swift; sourceTree = SOURCE_ROOT; };
		DFFD465B8AD34F618306307A /* VoiceCommandTester.swift */ = {isa = PBXFileReference; lastKnownFileType = sourcecode.swift; name = VoiceCommandTester.swift; path = VoiceControlApp/VoiceCommand/Services/VoiceCommandTester.swift; sourceTree = SOURCE_ROOT; };
		E4654B50B50F42A7D3F33912 /* RCPNetworkClient.swift */ = {isa = PBXFileReference; lastKnownFileType = sourcecode.swift; name = RCPNetworkClient.swift; path = VoiceControlApp/Shared/Services/RCPNetworkClient.swift; sourceTree = SOURCE_ROOT; };
		ED834334A3947A0B06C22BD9 /* EffectsProcessor.swift */ = {isa = PBXFileReference; lastKnownFileType = sourcecode.swift; name = EffectsProcessor.swift; path = VoiceControlApp/VoiceCommand/Services/EffectsProcessor.swift; sourceTree = SOURCE_ROOT; };
		F37B4C8381DE3E9F6C66122F /* OrbitalToggleButton.swift */ = {isa = PBXFileReference; lastKnownFileType = sourcecode.swift; name = OrbitalToggleButton.swift; path = VoiceControlApp/Shared/Components/OrbitalToggleButton.swift; sourceTree = SOURCE_ROOT; };
		F5574718932A157455800E7D /* VoiceCommandBubble.swift */ = {isa = PBXFileReference; lastKnownFileType = sourcecode.swift; name = VoiceCommandBubble.swift; path = VoiceControlApp/VoiceCommand/Components/VoiceCommandBubble.swift; sourceTree = SOURCE_ROOT; };
		F6464B8085D12B5755C5B351 /* IOSSpeechRecognizer.swift */ = {isa = PBXFileReference; lastKnownFileType = sourcecode.swift; name = IOSSpeechRecognizer.swift; path = VoiceControlApp/SpeechRecognition/IOSSpeechRecognizer.swift; sourceTree = SOURCE_ROOT; };
		F8FA44DEAFE392FB45634235 /* SubscriptionPlan.swift */ = {isa = PBXFileReference; lastKnownFileType = sourcecode.swift; name = SubscriptionPlan.swift; path = VoiceControlApp/Subscriptions/Models/SubscriptionPlan.swift; sourceTree = SOURCE_ROOT; };
		F9B548E7ADA0FC81A7272629 /* ValidationLimits.swift */ = {isa = PBXFileReference; lastKnownFileType = sourcecode.swift; name = ValidationLimits.swift; path = VoiceControlApp/VoiceCommand/Models/ValidationLimits.swift; sourceTree = SOURCE_ROOT; };
		FBA04FEC9EBC65DB9100842C /* SubscriptionPlan.swift */ = {isa = PBXFileReference; lastKnownFileType = sourcecode.swift; name = SubscriptionPlan.swift; path = VoiceControlApp/Subscriptions/Models/SubscriptionPlan.swift; sourceTree = SOURCE_ROOT; };
/* End PBXFileReference section */

/* Begin PBXFrameworksBuildPhase section */
		A01234567890ABCDEF12FFFA /* Frameworks */ = {
			isa = PBXFrameworksBuildPhase;
			buildActionMask = 2147483647;
			files = (
				913317DF2E282BF800E71CAE /* GoogleSignInSwift in Frameworks */,
				913317DD2E282BF800E71CAE /* GoogleSignIn in Frameworks */,
				91CEFACB2E28E8A0006480E7 /* Starscream in Frameworks */,
				910B59FA2E24184C004A10CA /* FirebaseAuth in Frameworks */,
				910B59FC2E24184C004A10CA /* FirebaseDatabase in Frameworks */,
				910B5A002E24184C004A10CA /* FirebaseFunctions in Frameworks */,
				910B59FE2E24184C004A10CA /* FirebaseFirestore in Frameworks */,
				910830622E25706A006CF788 /* HotSwiftUI in Frameworks */,
			);
			runOnlyForDeploymentPostprocessing = 0;
		};
/* End PBXFrameworksBuildPhase section */

/* Begin PBXGroup section */
		91CEFAC82E28E7B0006480E7 /* Recovered References */ = {
			isa = PBXGroup;
			children = (
				A01234567890ABCDEF123014 /* VoiceControlApp/SpeechRecognition/AudioManager.swift */,
				A01234567890ABCDEF123016 /* VoiceControlApp/SpeechRecognition/AssemblyAIStreamer.swift */,
				A01234567890ABCDEF123018 /* VoiceControlApp/SpeechRecognition/Models/StreamingConfig.swift */,
				A01234567890ABCDEF123020 /* VoiceControlApp/SpeechRecognition/Models/TranscriptionModels.swift */,
				A01234567890ABCDEF123022 /* VoiceControlApp/Authentication/Views/AuthenticationView.swift */,
				A01234567890ABCDEF123024 /* VoiceControlApp/Authentication/Views/SignInView.swift */,
				A01234567890ABCDEF123026 /* VoiceControlApp/Authentication/Components/GoogleSignInButton.swift */,
				A01234567890ABCDEF123028 /* VoiceControlApp/Authentication/ViewModels/AuthenticationManager.swift */,
				A01234567890ABCDEF123030 /* VoiceControlApp/Authentication/Models/AuthenticationState.swift */,
				A01234567890ABCDEF123032 /* VoiceControlApp/Authentication/Models/User.swift */,
				A01234567890ABCDEF123034 /* VoiceControlApp/Authentication/Models/AuthenticationError.swift */,
				A01234567890ABCDEF123036 /* VoiceControlApp/Authentication/Services/FirebaseAuthService.swift */,
				A01234567890ABCDEF123038 /* VoiceControlApp/Authentication/Services/KeychainService.swift */,
				A01234567890ABCDEF123040 /* VoiceControlApp/Authentication/Services/GoogleSignInService.swift */,
				A01234567890ABCDEF123042 /* VoiceControlApp/Authentication/Services/BiometricService.swift */,
				A01234567890ABCDEF123044 /* VoiceControlApp/Authentication/Views/PasswordResetView.swift */,
				A01234567890ABCDEF123046 /* VoiceControlApp/Authentication/Models/SocialAuthError.swift */,
				A01234567890ABCDEF123048 /* VoiceControlApp/Authentication/Models/SocialAuthResult.swift */,
				A01234567890ABCDEF123050 /* VoiceControlApp/Authentication/Views/SignUpView.swift */,
			);
			name = "Recovered References";
			sourceTree = "<group>";
		};
		A01234567890ABCDEF123006 /* Preview Content */ = {
			isa = PBXGroup;
			children = (
				A01234567890ABCDEF123007 /* Preview Assets.xcassets */,
			);
			path = "Preview Content";
			sourceTree = "<group>";
		};
		A01234567890ABCDEF12FFF4 = {
			isa = PBXGroup;
			children = (
				A01234567890ABCDEF12FFFF /* VoiceControlApp */,
				A01234567890ABCDEF12FFFE /* Products */,
				91CEFAC82E28E7B0006480E7 /* Recovered References */,
				5BEB4C8C8E8B9AE0F121D1CF /* SubscriptionState.swift */,
				91B14F6F85B8B1ACB888E2EC /* SubscriptionError.swift */,
				FBA04FEC9EBC65DB9100842C /* SubscriptionPlan.swift */,
				AC534A5EACB74F78852F720E /* StoreKitService.swift */,
				92874E13A694BA5D9DF57124 /* SubscriptionManager.swift */,
				79CB452A8F781D1BF198318E /* WelcomeView.swift */,
				958B4A4AB7BB5F90CC8514F3 /* GuestUser.swift */,
				56FB4590911E2267554D9E5C /* GuestUser.swift */,
				B8A041F48ECE945A41810CF9 /* WelcomeView.swift */,
				4ACF42B58CBB339C572883B7 /* SubscriptionState.swift */,
				163F442C9C906B4C191D6617 /* SubscriptionError.swift */,
				F8FA44DEAFE392FB45634235 /* SubscriptionPlan.swift */,
				025947C480861214F939679D /* StoreKitService.swift */,
				8E724CF7A78BDB9F48497B0D /* SubscriptionManager.swift */,
				81D84BCE947E115CC46D9995 /* SubscriptionView.swift */,
				57504B8E95CF6C8177D11928 /* PlanCardView.swift */,
				51024E149C762048FDF3A9C8 /* SpeechRecognitionManager.swift */,
				F6464B8085D12B5755C5B351 /* IOSSpeechRecognizer.swift */,
				F37B4C8381DE3E9F6C66122F /* OrbitalToggleButton.swift */,
				AB2D4D03930E768A8D2E1E19 /* RecordButton.swift */,
				8C5D47089EC57DC741ED043C /* SpeechRecognitionProtocol.swift */,
				D19E48EAAEC7587618577790 /* RCPCommand.swift */,
				31E54A539C49B7E76DA55341 /* ProcessedVoiceCommand.swift */,
				9D1C4D808D6247A823624451 /* VoiceCommandProcessor.swift */,
				83C74854BD78735A3821739A /* ProfessionalAudioTerms.swift */,
				F5574718932A157455800E7D /* VoiceCommandBubble.swift */,
				B215402FBA1407C51B5EF419 /* VoiceCommandBubblesView.swift */,
				BC2D440D904E184F2F5663BA /* ChannelProcessor.swift */,
				DFFD465B8AD34F618306307A /* VoiceCommandTester.swift */,
				D0384B58BD2846AD6F94966C /* RoutingProcessor.swift */,
				ED834334A3947A0B06C22BD9 /* EffectsProcessor.swift */,
				C0344C61BBF738337EFE9ACC /* ContextManager.swift */,
				3B94434A99D74EA323D85C43 /* CompoundCommandProcessor.swift */,
				71664F87AD5ED9E8B83C2DEE /* NetworkSettings.swift */,
				3D214F85B6E87C0845E382B0 /* NetworkSettingsView.swift */,
				B7794449BBF32D619FF4EC9D /* SimilarityEngine.swift */,
				B32D47CC9FA36FC5A739169C /* PersonalDictionaryStore.swift */,
				92B642849E1F7648C0A4DE38 /* LearningPromptManager.swift */,
				313249BA847C780E418C2EC1 /* BrainEmojiOverlay.swift */,
				F9B548E7ADA0FC81A7272629 /* ValidationLimits.swift */,
				E4654B50B50F42A7D3F33912 /* RCPNetworkClient.swift */,
			);
			sourceTree = "<group>";
		};
		A01234567890ABCDEF12FFFE /* Products */ = {
			isa = PBXGroup;
			children = (
				A01234567890ABCDEF12FFFD /* VoiceControlApp.app */,
			);
			name = Products;
			sourceTree = "<group>";
		};
		A01234567890ABCDEF12FFFF /* VoiceControlApp */ = {
			isa = PBXGroup;
			children = (
				A01234567890ABCDEF123000 /* VoiceControlAppApp.swift */,
				A01234567890ABCDEF123002 /* ContentView.swift */,
				A01234567890ABCDEF123012 /* VoiceControlMainView.swift */,
				A01234567890ABCDEF123004 /* Assets.xcassets */,
				A01234567890ABCDEF12300F /* GoogleService-Info.plist */,
				A01234567890ABCDEF123006 /* Preview Content */,
			);
			path = VoiceControlApp;
			sourceTree = "<group>";
		};
/* End PBXGroup section */

/* Begin PBXNativeTarget section */
		A01234567890ABCDEF12FFFC /* VoiceControlApp */ = {
			isa = PBXNativeTarget;
			buildConfigurationList = A01234567890ABCDEF12000B /* Build configuration list for PBXNativeTarget "VoiceControlApp" */;
			buildPhases = (
				A01234567890ABCDEF12FFF9 /* Sources */,
				916367252E2591F000057DA6 /* ShellScript */,
				A01234567890ABCDEF12FFFA /* Frameworks */,
				A01234567890ABCDEF12FFFB /* Resources */,
				9108305D2E242625006CF788 /* ShellScript */,
				9108305F2E24263B006CF788 /*  */,
			);
			buildRules = (
			);
			dependencies = (
			);
			name = VoiceControlApp;
			productName = VoiceControlApp;
			productReference = A01234567890ABCDEF12FFFD /* VoiceControlApp.app */;
			productType = "com.apple.product-type.application";
		};
/* End PBXNativeTarget section */

/* Begin PBXProject section */
		A01234567890ABCDEF12FFF5 /* Project object */ = {
			isa = PBXProject;
			attributes = {
				BuildIndependentTargetsInParallel = 1;
				LastSwiftUpdateCheck = 1540;
				LastUpgradeCheck = 1640;
				TargetAttributes = {
					A01234567890ABCDEF12FFFC = {
						CreatedOnToolsVersion = 15.4;
					};
				};
			};
			buildConfigurationList = A01234567890ABCDEF12FFF8 /* Build configuration list for PBXProject "VoiceControlApp" */;
			compatibilityVersion = "Xcode 14.0";
			developmentRegion = en;
			hasScannedForEncodings = 0;
			knownRegions = (
				en,
				Base,
			);
			mainGroup = A01234567890ABCDEF12FFF4;
			packageReferences = (
				910B59F82E24184C004A10CA /* XCRemoteSwiftPackageReference "firebase-ios-sdk" */,
				910830602E25706A006CF788 /* XCRemoteSwiftPackageReference "HotSwiftUI" */,
				913317DB2E282BF800E71CAE /* XCRemoteSwiftPackageReference "GoogleSignIn-iOS" */,
				91CEFAC92E28E8A0006480E7 /* XCRemoteSwiftPackageReference "Starscream" */,
			);
			productRefGroup = A01234567890ABCDEF12FFFE /* Products */;
			projectDirPath = "";
			projectRoot = "";
			targets = (
				A01234567890ABCDEF12FFFC /* VoiceControlApp */,
			);
		};
/* End PBXProject section */

/* Begin PBXResourcesBuildPhase section */
		A01234567890ABCDEF12FFFB /* Resources */ = {
			isa = PBXResourcesBuildPhase;
			buildActionMask = 2147483647;
			files = (
				A01234567890ABCDEF123008 /* Preview Assets.xcassets in Resources */,
				A01234567890ABCDEF123005 /* Assets.xcassets in Resources */,
				A01234567890ABCDEF123010 /* GoogleService-Info.plist in Resources */,
			);
			runOnlyForDeploymentPostprocessing = 0;
		};
/* End PBXResourcesBuildPhase section */

/* Begin PBXShellScriptBuildPhase section */
		9108305D2E242625006CF788 /* ShellScript */ = {
			isa = PBXShellScriptBuildPhase;
			alwaysOutOfDate = 1;
			buildActionMask = 12;
			files = (
			);
			inputFileListPaths = (
			);
			inputPaths = (
			);
			outputFileListPaths = (
			);
			outputPaths = (
			);
			runOnlyForDeploymentPostprocessing = 0;
			shellPath = /bin/sh;
			shellScript = "export RESOURCES=\"/Applications/InjectionNext.app/Contents/Resources\"\nif [ -f \"$RESOURCES/copy_bundle.sh\" ]; then\n      \"$RESOURCES/copy_bundle.sh\"\nfi\n";
		};
		9108305F2E24263B006CF788 /*  */ = {
			isa = PBXShellScriptBuildPhase;
			buildActionMask = 2147483647;
			files = (
			);
			inputFileListPaths = (
			);
			inputPaths = (
			);
			name = "";
			outputFileListPaths = (
			);
			outputPaths = (
			);
			runOnlyForDeploymentPostprocessing = 0;
			shellPath = /bin/sh;
			shellScript = "# Type a script or drag a script file from your workspace to insert its path.\n";
		};
		916367252E2591F000057DA6 /* ShellScript */ = {
			isa = PBXShellScriptBuildPhase;
			buildActionMask = 2147483647;
			files = (
			);
			inputFileListPaths = (
			);
			inputPaths = (
			);
			outputFileListPaths = (
			);
			outputPaths = (
			);
			runOnlyForDeploymentPostprocessing = 0;
			shellPath = /bin/sh;
			shellScript = "export RESOURCES=\"/Applications/InjectionNext.app/Contents/Resources\"\nif [ -f \"$RESOURCES/copy_bundle.sh\" ]; then\n    \"$RESOURCES/copy_bundle.sh\"\nfi\n";
		};
/* End PBXShellScriptBuildPhase section */

/* Begin PBXSourcesBuildPhase section */
		A01234567890ABCDEF12FFF9 /* Sources */ = {
			isa = PBXSourcesBuildPhase;
			buildActionMask = 2147483647;
			files = (
				A01234567890ABCDEF123003 /* ContentView.swift in Sources */,
				A01234567890ABCDEF123001 /* VoiceControlAppApp.swift in Sources */,
				A01234567890ABCDEF123011 /* VoiceControlMainView.swift in Sources */,
				A01234567890ABCDEF123013 /* VoiceControlApp/SpeechRecognition/AudioManager.swift in Sources */,
				A01234567890ABCDEF123015 /* VoiceControlApp/SpeechRecognition/AssemblyAIStreamer.swift in Sources */,
				A01234567890ABCDEF123017 /* VoiceControlApp/SpeechRecognition/Models/StreamingConfig.swift in Sources */,
				A01234567890ABCDEF123019 /* VoiceControlApp/SpeechRecognition/Models/TranscriptionModels.swift in Sources */,
				A01234567890ABCDEF123021 /* VoiceControlApp/Authentication/Views/AuthenticationView.swift in Sources */,
				A01234567890ABCDEF123023 /* VoiceControlApp/Authentication/Views/SignInView.swift in Sources */,
				A01234567890ABCDEF123025 /* VoiceControlApp/Authentication/Components/GoogleSignInButton.swift in Sources */,
				A01234567890ABCDEF123027 /* VoiceControlApp/Authentication/ViewModels/AuthenticationManager.swift in Sources */,
				A01234567890ABCDEF123029 /* VoiceControlApp/Authentication/Models/AuthenticationState.swift in Sources */,
				A01234567890ABCDEF123031 /* VoiceControlApp/Authentication/Models/User.swift in Sources */,
				A01234567890ABCDEF123033 /* VoiceControlApp/Authentication/Models/AuthenticationError.swift in Sources */,
				A01234567890ABCDEF123035 /* VoiceControlApp/Authentication/Services/FirebaseAuthService.swift in Sources */,
				A01234567890ABCDEF123037 /* VoiceControlApp/Authentication/Services/KeychainService.swift in Sources */,
				A01234567890ABCDEF123039 /* VoiceControlApp/Authentication/Services/GoogleSignInService.swift in Sources */,
				A01234567890ABCDEF123041 /* VoiceControlApp/Authentication/Services/BiometricService.swift in Sources */,
				A01234567890ABCDEF123043 /* VoiceControlApp/Authentication/Views/PasswordResetView.swift in Sources */,
				A01234567890ABCDEF123045 /* VoiceControlApp/Authentication/Models/SocialAuthError.swift in Sources */,
				A01234567890ABCDEF123047 /* VoiceControlApp/Authentication/Models/SocialAuthResult.swift in Sources */,
				A01234567890ABCDEF123049 /* VoiceControlApp/Authentication/Views/SignUpView.swift in Sources */,
				78274F678DA78C4ED20469D3 /* SubscriptionState.swift in Sources */,
				B89941C4BADFB7CA9555EB8D /* SubscriptionError.swift in Sources */,
				728E4E5D92D68D6B9342084E /* SubscriptionPlan.swift in Sources */,
				5ADE41B7B14863719480119C /* StoreKitService.swift in Sources */,
				FF144B13A6D9DA224AFCF0BF /* SubscriptionManager.swift in Sources */,
				FDE34D7C8ACE7FFA9F3A4DC6 /* WelcomeView.swift in Sources */,
				1C364BA0B63B08CC900FA2B9 /* GuestUser.swift in Sources */,
				0A5C4F20BDB7C41AA14C2EF8 /* GuestUser.swift in Sources */,
				BB3B4A10ABEBA5F10F673938 /* WelcomeView.swift in Sources */,
				A78E4608A282636A8D710C3A /* SubscriptionState.swift in Sources */,
				8EE04F82A11A191E61B4BFF4 /* SubscriptionError.swift in Sources */,
				2F324664879B11AA7EC82261 /* SubscriptionPlan.swift in Sources */,
				85BB44D691A93DE0ABF66FD2 /* StoreKitService.swift in Sources */,
				F568485CBFD0A99F9379F7AE /* SubscriptionManager.swift in Sources */,
				B69C49AF88BB77A646527931 /* SubscriptionView.swift in Sources */,
				8EB04E8FA3285D85746B1C9B /* PlanCardView.swift in Sources */,
				050E414D826293F26B4D02FF /* SpeechRecognitionManager.swift in Sources */,
				18DD40EB8DF43C7D4C9AA1E3 /* IOSSpeechRecognizer.swift in Sources */,
				74964C8F8BD323D899DDF07B /* OrbitalToggleButton.swift in Sources */,
				59FA43089D27B69FCA550042 /* RecordButton.swift in Sources */,
				2CD0402AAFA333102B935A1C /* SpeechRecognitionProtocol.swift in Sources */,
				4DC7405AA1962DFAE0A7E049 /* RCPCommand.swift in Sources */,
				9C0840F7BC4B809B33A8471F /* ProcessedVoiceCommand.swift in Sources */,
				D5574A2AAAEFF5BB8E259B1B /* VoiceCommandProcessor.swift in Sources */,
				38CF495F9B1105AC9F96DFE1 /* ProfessionalAudioTerms.swift in Sources */,
				D42344C58CF2B3743E716CF8 /* VoiceCommandBubble.swift in Sources */,
				3D40445688B57A4F9F59642B /* VoiceCommandBubblesView.swift in Sources */,
				396B4685AFCC146458028D75 /* ChannelProcessor.swift in Sources */,
				D8ED414BA4AA6DCE04C6F240 /* VoiceCommandTester.swift in Sources */,
				A1874E73B8A72E36534D8477 /* RoutingProcessor.swift in Sources */,
				3A49469099BEF8198120B41E /* EffectsProcessor.swift in Sources */,
				EA9043CDB3CC5C2DE17FD886 /* ContextManager.swift in Sources */,
				3F1A4D9293C235553FBA4CF2 /* CompoundCommandProcessor.swift in Sources */,
				54FF412C9F74FF55D7E44003 /* NetworkSettings.swift in Sources */,
				5B0E4631A8C58F5B1718DF74 /* NetworkSettingsView.swift in Sources */,
				3C064F0BA0AC303930C28BD1 /* SimilarityEngine.swift in Sources */,
				56E04DFF96821BE9D8BE3C42 /* PersonalDictionaryStore.swift in Sources */,
				5C3D4B6C95781A1ED9332BC6 /* LearningPromptManager.swift in Sources */,
				19E04CA8B83994B5BE57FC70 /* BrainEmojiOverlay.swift in Sources */,
				FB584170851C0D301165E8BE /* ValidationLimits.swift in Sources */,
				C9A642A0B47F008E30E6D896 /* RCPNetworkClient.swift in Sources */,
			);
			runOnlyForDeploymentPostprocessing = 0;
		};
/* End PBXSourcesBuildPhase section */

/* Begin XCBuildConfiguration section */
		A01234567890ABCDEF123009 /* Debug */ = {
			isa = XCBuildConfiguration;
			buildSettings = {
				ASSETCATALOG_COMPILER_APPICON_NAME = AppIcon;
				ASSETCATALOG_COMPILER_GLOBAL_ACCENT_COLOR_NAME = AccentColor;
				CODE_SIGN_STYLE = Automatic;
				CURRENT_PROJECT_VERSION = 1;
				DEVELOPMENT_ASSET_PATHS = "\"VoiceControlApp/Preview Content\"";
				DEVELOPMENT_TEAM = YJWKC5W73A;
				ENABLE_PREVIEWS = YES;
				GENERATE_INFOPLIST_FILE = NO;
				INFOPLIST_FILE = VoiceControlApp/Info.plist;
				INFOPLIST_KEY_CFBundleDisplayName = "Voice Control";
				INFOPLIST_KEY_LSApplicationCategoryType = "public.app-category.productivity";
				INFOPLIST_KEY_UIApplicationSceneManifest_Generation = YES;
				INFOPLIST_KEY_UIApplicationSupportsIndirectInputEvents = YES;
				INFOPLIST_KEY_UILaunchScreen_Generation = YES;
				INFOPLIST_KEY_UISupportedInterfaceOrientations = UIInterfaceOrientationPortrait;
				INFOPLIST_KEY_UISupportedInterfaceOrientations_iPad = "UIInterfaceOrientationLandscapeLeft UIInterfaceOrientationLandscapeRight UIInterfaceOrientationPortrait UIInterfaceOrientationPortraitUpsideDown";
				IPHONEOS_DEPLOYMENT_TARGET = 17.0;
				LD_RUNPATH_SEARCH_PATHS = (
					"$(inherited)",
					"@executable_path/Frameworks",
				);
				MARKETING_VERSION = 1.0;
				OTHER_LDFLAGS = (
					"-Xlinker",
					"-interposable",
					"-framework",
					XCTest,
					"-lXCTestSwiftSupport",
				);
				PRODUCT_BUNDLE_IDENTIFIER = com.voicecontrol.app;
				PRODUCT_NAME = "$(TARGET_NAME)";
				SUPPORTED_PLATFORMS = "iphoneos iphonesimulator";
				SUPPORTS_MACCATALYST = NO;
				SUPPORTS_MAC_DESIGNED_FOR_IPHONE_IPAD = NO;
				SWIFT_EMIT_LOC_STRINGS = YES;
				SWIFT_VERSION = 5.0;
				TARGETED_DEVICE_FAMILY = "1,2";
			};
			name = Debug;
		};
		A01234567890ABCDEF12300A /* Release */ = {
			isa = XCBuildConfiguration;
			buildSettings = {
				ASSETCATALOG_COMPILER_APPICON_NAME = AppIcon;
				ASSETCATALOG_COMPILER_GLOBAL_ACCENT_COLOR_NAME = AccentColor;
				CODE_SIGN_STYLE = Automatic;
				CURRENT_PROJECT_VERSION = 1;
				DEVELOPMENT_ASSET_PATHS = "\"VoiceControlApp/Preview Content\"";
				DEVELOPMENT_TEAM = YJWKC5W73A;
				ENABLE_PREVIEWS = YES;
				GENERATE_INFOPLIST_FILE = NO;
				INFOPLIST_FILE = VoiceControlApp/Info.plist;
				INFOPLIST_KEY_CFBundleDisplayName = "Voice Control";
				INFOPLIST_KEY_LSApplicationCategoryType = "public.app-category.productivity";
				INFOPLIST_KEY_UIApplicationSceneManifest_Generation = YES;
				INFOPLIST_KEY_UIApplicationSupportsIndirectInputEvents = YES;
				INFOPLIST_KEY_UILaunchScreen_Generation = YES;
				INFOPLIST_KEY_UISupportedInterfaceOrientations = UIInterfaceOrientationPortrait;
				INFOPLIST_KEY_UISupportedInterfaceOrientations_iPad = "UIInterfaceOrientationLandscapeLeft UIInterfaceOrientationLandscapeRight UIInterfaceOrientationPortrait UIInterfaceOrientationPortraitUpsideDown";
				IPHONEOS_DEPLOYMENT_TARGET = 17.0;
				LD_RUNPATH_SEARCH_PATHS = (
					"$(inherited)",
					"@executable_path/Frameworks",
				);
				MARKETING_VERSION = 1.0;
				OTHER_LDFLAGS = (
					"-Xlinker",
					"-interposable",
					"-framework",
					XCTest,
					"-lXCTestSwiftSupport",
				);
				PRODUCT_BUNDLE_IDENTIFIER = com.voicecontrol.app;
				PRODUCT_NAME = "$(TARGET_NAME)";
				SUPPORTED_PLATFORMS = "iphoneos iphonesimulator";
				SUPPORTS_MACCATALYST = NO;
				SUPPORTS_MAC_DESIGNED_FOR_IPHONE_IPAD = NO;
				SWIFT_EMIT_LOC_STRINGS = YES;
				SWIFT_VERSION = 5.0;
				TARGETED_DEVICE_FAMILY = "1,2";
			};
			name = Release;
		};
		A01234567890ABCDEF12FFF6 /* Debug */ = {
			isa = XCBuildConfiguration;
			buildSettings = {
				ALWAYS_SEARCH_USER_PATHS = NO;
				ASSETCATALOG_COMPILER_GENERATE_SWIFT_ASSET_SYMBOL_EXTENSIONS = YES;
				CLANG_ANALYZER_NONNULL = YES;
				CLANG_ANALYZER_NUMBER_OBJECT_CONVERSION = YES_AGGRESSIVE;
				CLANG_CXX_LANGUAGE_STANDARD = "gnu++20";
				CLANG_ENABLE_MODULES = YES;
				CLANG_ENABLE_MODULE_CACHING = YES;
				CLANG_ENABLE_OBJC_ARC = YES;
				CLANG_ENABLE_OBJC_WEAK = YES;
				CLANG_MODULES_BUILD_SESSION_FILE = "$(DERIVED_DATA_DIR)/ModuleCache.noindex/Session.modulevalidation";
				CLANG_WARN_BLOCK_CAPTURE_AUTORELEASING = YES;
				CLANG_WARN_BOOL_CONVERSION = YES;
				CLANG_WARN_COMMA = YES;
				CLANG_WARN_CONSTANT_CONVERSION = YES;
				CLANG_WARN_DEPRECATED_OBJC_IMPLEMENTATIONS = YES;
				CLANG_WARN_DIRECT_OBJC_ISA_USAGE = YES_ERROR;
				CLANG_WARN_DOCUMENTATION_COMMENTS = YES;
				CLANG_WARN_EMPTY_BODY = YES;
				CLANG_WARN_ENUM_CONVERSION = YES;
				CLANG_WARN_INFINITE_RECURSION = YES;
				CLANG_WARN_INT_CONVERSION = YES;
				CLANG_WARN_NON_LITERAL_NULL_CONVERSION = YES;
				CLANG_WARN_OBJC_IMPLICIT_RETAIN_SELF = YES;
				CLANG_WARN_OBJC_LITERAL_CONVERSION = YES;
				CLANG_WARN_OBJC_ROOT_CLASS = YES_ERROR;
				CLANG_WARN_QUOTED_INCLUDE_IN_FRAMEWORK_HEADER = YES;
				CLANG_WARN_RANGE_LOOP_ANALYSIS = YES;
				CLANG_WARN_STRICT_PROTOTYPES = YES;
				CLANG_WARN_SUSPICIOUS_MOVE = YES;
				CLANG_WARN_UNGUARDED_AVAILABILITY = YES_AGGRESSIVE;
				CLANG_WARN_UNREACHABLE_CODE = YES;
				CLANG_WARN__DUPLICATE_METHOD_MATCH = YES;
				COPY_PHASE_STRIP = NO;
				DEBUG_INFORMATION_FORMAT = dwarf;
				DEVELOPMENT_TEAM = YJWKC5W73A;
				EMIT_FRONTEND_COMMAND_LINES = YES;
				ENABLE_STRICT_OBJC_MSGSEND = YES;
				ENABLE_TESTABILITY = YES;
				ENABLE_USER_SCRIPT_SANDBOXING = NO;
				GCC_C_LANGUAGE_STANDARD = gnu17;
				GCC_DYNAMIC_NO_PIC = NO;
				GCC_NO_COMMON_BLOCKS = YES;
				GCC_OPTIMIZATION_LEVEL = 0;
				GCC_PREPROCESSOR_DEFINITIONS = (
					"DEBUG=1",
					"$(inherited)",
				);
				GCC_WARN_64_TO_32_BIT_CONVERSION = YES;
				GCC_WARN_ABOUT_RETURN_TYPE = YES_ERROR;
				GCC_WARN_UNDECLARED_SELECTOR = YES;
				GCC_WARN_UNINITIALIZED_AUTOS = YES_AGGRESSIVE;
				GCC_WARN_UNUSED_FUNCTION = YES;
				GCC_WARN_UNUSED_VARIABLE = YES;
				IPHONEOS_DEPLOYMENT_TARGET = 16.0;
				LOCALIZATION_PREFERS_STRING_CATALOGS = YES;
				MTL_ENABLE_DEBUG_INFO = INCLUDE_SOURCE;
				MTL_FAST_MATH = YES;
				ONLY_ACTIVE_ARCH = YES;
				OTHER_LDFLAGS = (
					"-Xlinker",
					"-interposable",
				);
				SDKROOT = iphoneos;
				SWIFT_ACTIVE_COMPILATION_CONDITIONS = "DEBUG $(inherited)";
				SWIFT_COMPILATION_MODE = singlefile;
				SWIFT_ENABLE_INCREMENTAL_COMPILATION = YES;
				SWIFT_OPTIMIZATION_LEVEL = "-Onone";
			};
			name = Debug;
		};
		A01234567890ABCDEF12FFF7 /* Release */ = {
			isa = XCBuildConfiguration;
			buildSettings = {
				ALWAYS_SEARCH_USER_PATHS = NO;
				ASSETCATALOG_COMPILER_GENERATE_SWIFT_ASSET_SYMBOL_EXTENSIONS = YES;
				CLANG_ANALYZER_NONNULL = YES;
				CLANG_ANALYZER_NUMBER_OBJECT_CONVERSION = YES_AGGRESSIVE;
				CLANG_CXX_LANGUAGE_STANDARD = "gnu++20";
				CLANG_ENABLE_MODULES = YES;
				CLANG_ENABLE_MODULE_CACHING = YES;
				CLANG_ENABLE_OBJC_ARC = YES;
				CLANG_ENABLE_OBJC_WEAK = YES;
				CLANG_WARN_BLOCK_CAPTURE_AUTORELEASING = YES;
				CLANG_WARN_BOOL_CONVERSION = YES;
				CLANG_WARN_COMMA = YES;
				CLANG_WARN_CONSTANT_CONVERSION = YES;
				CLANG_WARN_DEPRECATED_OBJC_IMPLEMENTATIONS = YES;
				CLANG_WARN_DIRECT_OBJC_ISA_USAGE = YES_ERROR;
				CLANG_WARN_DOCUMENTATION_COMMENTS = YES;
				CLANG_WARN_EMPTY_BODY = YES;
				CLANG_WARN_ENUM_CONVERSION = YES;
				CLANG_WARN_INFINITE_RECURSION = YES;
				CLANG_WARN_INT_CONVERSION = YES;
				CLANG_WARN_NON_LITERAL_NULL_CONVERSION = YES;
				CLANG_WARN_OBJC_IMPLICIT_RETAIN_SELF = YES;
				CLANG_WARN_OBJC_LITERAL_CONVERSION = YES;
				CLANG_WARN_OBJC_ROOT_CLASS = YES_ERROR;
				CLANG_WARN_QUOTED_INCLUDE_IN_FRAMEWORK_HEADER = YES;
				CLANG_WARN_RANGE_LOOP_ANALYSIS = YES;
				CLANG_WARN_STRICT_PROTOTYPES = YES;
				CLANG_WARN_SUSPICIOUS_MOVE = YES;
				CLANG_WARN_UNGUARDED_AVAILABILITY = YES_AGGRESSIVE;
				CLANG_WARN_UNREACHABLE_CODE = YES;
				CLANG_WARN__DUPLICATE_METHOD_MATCH = YES;
				COPY_PHASE_STRIP = NO;
				DEBUG_INFORMATION_FORMAT = "dwarf-with-dsym";
				DEVELOPMENT_TEAM = YJWKC5W73A;
				EMIT_FRONTEND_COMMAND_LINES = NO;
				ENABLE_NS_ASSERTIONS = NO;
				ENABLE_STRICT_OBJC_MSGSEND = YES;
				ENABLE_USER_SCRIPT_SANDBOXING = NO;
				GCC_C_LANGUAGE_STANDARD = gnu17;
				GCC_NO_COMMON_BLOCKS = YES;
				GCC_WARN_64_TO_32_BIT_CONVERSION = YES;
				GCC_WARN_ABOUT_RETURN_TYPE = YES_ERROR;
				GCC_WARN_UNDECLARED_SELECTOR = YES;
				GCC_WARN_UNINITIALIZED_AUTOS = YES_AGGRESSIVE;
				GCC_WARN_UNUSED_FUNCTION = YES;
				GCC_WARN_UNUSED_VARIABLE = YES;
				IPHONEOS_DEPLOYMENT_TARGET = 16.0;
				LOCALIZATION_PREFERS_STRING_CATALOGS = YES;
				MTL_ENABLE_DEBUG_INFO = NO;
				MTL_FAST_MATH = YES;
				SDKROOT = iphoneos;
				SWIFT_COMPILATION_MODE = wholemodule;
				SWIFT_ENABLE_INCREMENTAL_COMPILATION = YES;
				SWIFT_OPTIMIZATION_LEVEL = "-O";
				VALIDATE_PRODUCT = YES;
			};
			name = Release;
		};
/* End XCBuildConfiguration section */

/* Begin XCConfigurationList section */
		A01234567890ABCDEF12000B /* Build configuration list for PBXNativeTarget "VoiceControlApp" */ = {
			isa = XCConfigurationList;
			buildConfigurations = (
				A01234567890ABCDEF123009 /* Debug */,
				A01234567890ABCDEF12300A /* Release */,
			);
			defaultConfigurationIsVisible = 0;
			defaultConfigurationName = Release;
		};
		A01234567890ABCDEF12FFF8 /* Build configuration list for PBXProject "VoiceControlApp" */ = {
			isa = XCConfigurationList;
			buildConfigurations = (
				A01234567890ABCDEF12FFF6 /* Debug */,
				A01234567890ABCDEF12FFF7 /* Release */,
			);
			defaultConfigurationIsVisible = 0;
			defaultConfigurationName = Release;
		};
/* End XCConfigurationList section */

/* Begin XCRemoteSwiftPackageReference section */
		910830602E25706A006CF788 /* XCRemoteSwiftPackageReference "HotSwiftUI" */ = {
			isa = XCRemoteSwiftPackageReference;
			repositoryURL = "https://github.com/johnno1962/HotSwiftUI";
			requirement = {
				kind = upToNextMajorVersion;
				minimumVersion = 1.2.1;
			};
		};
		910B59F82E24184C004A10CA /* XCRemoteSwiftPackageReference "firebase-ios-sdk" */ = {
			isa = XCRemoteSwiftPackageReference;
			repositoryURL = "https://github.com/firebase/firebase-ios-sdk.git";
			requirement = {
				kind = upToNextMajorVersion;
				minimumVersion = 11.15.0;
			};
		};
		913317DB2E282BF800E71CAE /* XCRemoteSwiftPackageReference "GoogleSignIn-iOS" */ = {
			isa = XCRemoteSwiftPackageReference;
			repositoryURL = "https://github.com/google/GoogleSignIn-iOS";
			requirement = {
				kind = upToNextMajorVersion;
				minimumVersion = 9.0.0;
			};
		};
		91CEFAC92E28E8A0006480E7 /* XCRemoteSwiftPackageReference "Starscream" */ = {
			isa = XCRemoteSwiftPackageReference;
			repositoryURL = "https://github.com/daltoniam/Starscream.git";
			requirement = {
				kind = upToNextMajorVersion;
				minimumVersion = 4.0.8;
			};
		};
/* End XCRemoteSwiftPackageReference section */

/* Begin XCSwiftPackageProductDependency section */
		910830612E25706A006CF788 /* HotSwiftUI */ = {
			isa = XCSwiftPackageProductDependency;
			package = 910830602E25706A006CF788 /* XCRemoteSwiftPackageReference "HotSwiftUI" */;
			productName = HotSwiftUI;
		};
		910B59F92E24184C004A10CA /* FirebaseAuth */ = {
			isa = XCSwiftPackageProductDependency;
			package = 910B59F82E24184C004A10CA /* XCRemoteSwiftPackageReference "firebase-ios-sdk" */;
			productName = FirebaseAuth;
		};
		910B59FB2E24184C004A10CA /* FirebaseDatabase */ = {
			isa = XCSwiftPackageProductDependency;
			package = 910B59F82E24184C004A10CA /* XCRemoteSwiftPackageReference "firebase-ios-sdk" */;
			productName = FirebaseDatabase;
		};
		910B59FD2E24184C004A10CA /* FirebaseFirestore */ = {
			isa = XCSwiftPackageProductDependency;
			package = 910B59F82E24184C004A10CA /* XCRemoteSwiftPackageReference "firebase-ios-sdk" */;
			productName = FirebaseFirestore;
		};
		910B59FF2E24184C004A10CA /* FirebaseFunctions */ = {
			isa = XCSwiftPackageProductDependency;
			package = 910B59F82E24184C004A10CA /* XCRemoteSwiftPackageReference "firebase-ios-sdk" */;
			productName = FirebaseFunctions;
		};
		913317DC2E282BF800E71CAE /* GoogleSignIn */ = {
			isa = XCSwiftPackageProductDependency;
			package = 913317DB2E282BF800E71CAE /* XCRemoteSwiftPackageReference "GoogleSignIn-iOS" */;
			productName = GoogleSignIn;
		};
		913317DE2E282BF800E71CAE /* GoogleSignInSwift */ = {
			isa = XCSwiftPackageProductDependency;
			package = 913317DB2E282BF800E71CAE /* XCRemoteSwiftPackageReference "GoogleSignIn-iOS" */;
			productName = GoogleSignInSwift;
		};
		91CEFACA2E28E8A0006480E7 /* Starscream */ = {
			isa = XCSwiftPackageProductDependency;
			package = 91CEFAC92E28E8A0006480E7 /* XCRemoteSwiftPackageReference "Starscream" */;
			productName = Starscream;
		};
/* End XCSwiftPackageProductDependency section */
	};
	rootObject = A01234567890ABCDEF12FFF5 /* Project object */;
}
